
Microsoft Visual Studio Solution File, Format Version 12.00
# Visual Studio 14
VisualStudioVersion = 14.0.25420.1
MinimumVisualStudioVersion = 10.0.40219.1
Project("{FAE04EC0-301F-11D3-BF4B-00C04F79EFBC}") = "RestAppV1.Droid", "RestAppV1\RestAppV1.Droid\RestAppV1.Droid.csproj", "{A7FAB620-7868-41AA-AA4C-5E2FA06DE52D}"
EndProject
Project("{FAE04EC0-301F-11D3-BF4B-00C04F79EFBC}") = "RestAppV1.iOS", "RestAppV1\RestAppV1.iOS\RestAppV1.iOS.csproj", "{9858E4E1-B118-498D-B374-9A9B01D3678A}"
EndProject
Project("{FAE04EC0-301F-11D3-BF4B-00C04F79EFBC}") = "RestAppV1.WinPhone", "RestAppV1\RestAppV1.WinPhone\RestAppV1.WinPhone.csproj", "{42D6FC8F-9023-45CE-B64C-CB0FD8D529C5}"
EndProject
Project("{FAE04EC0-301F-11D3-BF4B-00C04F79EFBC}") = "RestAppV1.UWP", "RestAppV1\RestAppV1.UWP\RestAppV1.UWP.csproj", "{9E08EBD1-2C52-407D-A89A-B197C961106F}"
EndProject
Project("{FAE04EC0-301F-11D3-BF4B-00C04F79EFBC}") = "RestAppV1.Windows", "RestAppV1\RestAppV1.Windows\RestAppV1.Windows.csproj", "{F09EAB51-C798-4B81-9DD4-FFBCC74B3BCF}"
EndProject
Project("{FAE04EC0-301F-11D3-BF4B-00C04F79EFBC}") = "RestAppV1", "RestAppV1\RestAppV1\RestAppV1.csproj", "{283FBDE3-9B77-4379-B570-FA3E4A184860}"
EndProject
Global
	GlobalSection(SolutionConfigurationPlatforms) = preSolution
		Ad-Hoc|Any CPU = Ad-Hoc|Any CPU
		Ad-Hoc|ARM = Ad-Hoc|ARM
		Ad-Hoc|iPhone = Ad-Hoc|iPhone
		Ad-Hoc|iPhoneSimulator = Ad-Hoc|iPhoneSimulator
		Ad-Hoc|x64 = Ad-Hoc|x64
		Ad-Hoc|x86 = Ad-Hoc|x86
		AppStore|Any CPU = AppStore|Any CPU
		AppStore|ARM = AppStore|ARM
		AppStore|iPhone = AppStore|iPhone
		AppStore|iPhoneSimulator = AppStore|iPhoneSimulator
		AppStore|x64 = AppStore|x64
		AppStore|x86 = AppStore|x86
		Debug|Any CPU = Debug|Any CPU
		Debug|ARM = Debug|ARM
		Debug|iPhone = Debug|iPhone
		Debug|iPhoneSimulator = Debug|iPhoneSimulator
		Debug|x64 = Debug|x64
		Debug|x86 = Debug|x86
		Release|Any CPU = Release|Any CPU
		Release|ARM = Release|ARM
		Release|iPhone = Release|iPhone
		Release|iPhoneSimulator = Release|iPhoneSimulator
		Release|x64 = Release|x64
		Release|x86 = Release|x86
	EndGlobalSection
	GlobalSection(ProjectConfigurationPlatforms) = postSolution
		{A7FAB620-7868-41AA-AA4C-5E2FA06DE52D}.Ad-Hoc|Any CPU.ActiveCfg = Release|Any CPU
		{A7FAB620-7868-41AA-AA4C-5E2FA06DE52D}.Ad-Hoc|Any CPU.Build.0 = Release|Any CPU
		{A7FAB620-7868-41AA-AA4C-5E2FA06DE52D}.Ad-Hoc|Any CPU.Deploy.0 = Release|Any CPU
		{A7FAB620-7868-41AA-AA4C-5E2FA06DE52D}.Ad-Hoc|ARM.ActiveCfg = Release|Any CPU
		{A7FAB620-7868-41AA-AA4C-5E2FA06DE52D}.Ad-Hoc|ARM.Build.0 = Release|Any CPU
		{A7FAB620-7868-41AA-AA4C-5E2FA06DE52D}.Ad-Hoc|ARM.Deploy.0 = Release|Any CPU
		{A7FAB620-7868-41AA-AA4C-5E2FA06DE52D}.Ad-Hoc|iPhone.ActiveCfg = Release|Any CPU
		{A7FAB620-7868-41AA-AA4C-5E2FA06DE52D}.Ad-Hoc|iPhone.Build.0 = Release|Any CPU
		{A7FAB620-7868-41AA-AA4C-5E2FA06DE52D}.Ad-Hoc|iPhone.Deploy.0 = Release|Any CPU
		{A7FAB620-7868-41AA-AA4C-5E2FA06DE52D}.Ad-Hoc|iPhoneSimulator.ActiveCfg = Release|Any CPU
		{A7FAB620-7868-41AA-AA4C-5E2FA06DE52D}.Ad-Hoc|iPhoneSimulator.Build.0 = Release|Any CPU
		{A7FAB620-7868-41AA-AA4C-5E2FA06DE52D}.Ad-Hoc|iPhoneSimulator.Deploy.0 = Release|Any CPU
		{A7FAB620-7868-41AA-AA4C-5E2FA06DE52D}.Ad-Hoc|x64.ActiveCfg = Release|Any CPU
		{A7FAB620-7868-41AA-AA4C-5E2FA06DE52D}.Ad-Hoc|x64.Build.0 = Release|Any CPU
		{A7FAB620-7868-41AA-AA4C-5E2FA06DE52D}.Ad-Hoc|x64.Deploy.0 = Release|Any CPU
		{A7FAB620-7868-41AA-AA4C-5E2FA06DE52D}.Ad-Hoc|x86.ActiveCfg = Release|Any CPU
		{A7FAB620-7868-41AA-AA4C-5E2FA06DE52D}.Ad-Hoc|x86.Build.0 = Release|Any CPU
		{A7FAB620-7868-41AA-AA4C-5E2FA06DE52D}.Ad-Hoc|x86.Deploy.0 = Release|Any CPU
		{A7FAB620-7868-41AA-AA4C-5E2FA06DE52D}.AppStore|Any CPU.ActiveCfg = Release|Any CPU
		{A7FAB620-7868-41AA-AA4C-5E2FA06DE52D}.AppStore|Any CPU.Build.0 = Release|Any CPU
		{A7FAB620-7868-41AA-AA4C-5E2FA06DE52D}.AppStore|Any CPU.Deploy.0 = Release|Any CPU
		{A7FAB620-7868-41AA-AA4C-5E2FA06DE52D}.AppStore|ARM.ActiveCfg = Release|Any CPU
		{A7FAB620-7868-41AA-AA4C-5E2FA06DE52D}.AppStore|ARM.Build.0 = Release|Any CPU
		{A7FAB620-7868-41AA-AA4C-5E2FA06DE52D}.AppStore|ARM.Deploy.0 = Release|Any CPU
		{A7FAB620-7868-41AA-AA4C-5E2FA06DE52D}.AppStore|iPhone.ActiveCfg = Release|Any CPU
		{A7FAB620-7868-41AA-AA4C-5E2FA06DE52D}.AppStore|iPhone.Build.0 = Release|Any CPU
		{A7FAB620-7868-41AA-AA4C-5E2FA06DE52D}.AppStore|iPhone.Deploy.0 = Release|Any CPU
		{A7FAB620-7868-41AA-AA4C-5E2FA06DE52D}.AppStore|iPhoneSimulator.ActiveCfg = Release|Any CPU
		{A7FAB620-7868-41AA-AA4C-5E2FA06DE52D}.AppStore|iPhoneSimulator.Build.0 = Release|Any CPU
		{A7FAB620-7868-41AA-AA4C-5E2FA06DE52D}.AppStore|iPhoneSimulator.Deploy.0 = Release|Any CPU
		{A7FAB620-7868-41AA-AA4C-5E2FA06DE52D}.AppStore|x64.ActiveCfg = Release|Any CPU
		{A7FAB620-7868-41AA-AA4C-5E2FA06DE52D}.AppStore|x64.Build.0 = Release|Any CPU
		{A7FAB620-7868-41AA-AA4C-5E2FA06DE52D}.AppStore|x64.Deploy.0 = Release|Any CPU
		{A7FAB620-7868-41AA-AA4C-5E2FA06DE52D}.AppStore|x86.ActiveCfg = Release|Any CPU
		{A7FAB620-7868-41AA-AA4C-5E2FA06DE52D}.AppStore|x86.Build.0 = Release|Any CPU
		{A7FAB620-7868-41AA-AA4C-5E2FA06DE52D}.AppStore|x86.Deploy.0 = Release|Any CPU
		{A7FAB620-7868-41AA-AA4C-5E2FA06DE52D}.Debug|Any CPU.ActiveCfg = Debug|Any CPU
		{A7FAB620-7868-41AA-AA4C-5E2FA06DE52D}.Debug|Any CPU.Build.0 = Debug|Any CPU
		{A7FAB620-7868-41AA-AA4C-5E2FA06DE52D}.Debug|Any CPU.Deploy.0 = Debug|Any CPU
		{A7FAB620-7868-41AA-AA4C-5E2FA06DE52D}.Debug|ARM.ActiveCfg = Debug|Any CPU
		{A7FAB620-7868-41AA-AA4C-5E2FA06DE52D}.Debug|ARM.Build.0 = Debug|Any CPU
		{A7FAB620-7868-41AA-AA4C-5E2FA06DE52D}.Debug|ARM.Deploy.0 = Debug|Any CPU
		{A7FAB620-7868-41AA-AA4C-5E2FA06DE52D}.Debug|iPhone.ActiveCfg = Debug|Any CPU
		{A7FAB620-7868-41AA-AA4C-5E2FA06DE52D}.Debug|iPhone.Build.0 = Debug|Any CPU
		{A7FAB620-7868-41AA-AA4C-5E2FA06DE52D}.Debug|iPhone.Deploy.0 = Debug|Any CPU
		{A7FAB620-7868-41AA-AA4C-5E2FA06DE52D}.Debug|iPhoneSimulator.ActiveCfg = Debug|Any CPU
		{A7FAB620-7868-41AA-AA4C-5E2FA06DE52D}.Debug|iPhoneSimulator.Build.0 = Debug|Any CPU
		{A7FAB620-7868-41AA-AA4C-5E2FA06DE52D}.Debug|iPhoneSimulator.Deploy.0 = Debug|Any CPU
		{A7FAB620-7868-41AA-AA4C-5E2FA06DE52D}.Debug|x64.ActiveCfg = Debug|Any CPU
		{A7FAB620-7868-41AA-AA4C-5E2FA06DE52D}.Debug|x64.Build.0 = Debug|Any CPU
		{A7FAB620-7868-41AA-AA4C-5E2FA06DE52D}.Debug|x64.Deploy.0 = Debug|Any CPU
		{A7FAB620-7868-41AA-AA4C-5E2FA06DE52D}.Debug|x86.ActiveCfg = Debug|Any CPU
		{A7FAB620-7868-41AA-AA4C-5E2FA06DE52D}.Debug|x86.Build.0 = Debug|Any CPU
		{A7FAB620-7868-41AA-AA4C-5E2FA06DE52D}.Debug|x86.Deploy.0 = Debug|Any CPU
		{A7FAB620-7868-41AA-AA4C-5E2FA06DE52D}.Release|Any CPU.ActiveCfg = Release|Any CPU
		{A7FAB620-7868-41AA-AA4C-5E2FA06DE52D}.Release|Any CPU.Build.0 = Release|Any CPU
		{A7FAB620-7868-41AA-AA4C-5E2FA06DE52D}.Release|Any CPU.Deploy.0 = Release|Any CPU
		{A7FAB620-7868-41AA-AA4C-5E2FA06DE52D}.Release|ARM.ActiveCfg = Release|Any CPU
		{A7FAB620-7868-41AA-AA4C-5E2FA06DE52D}.Release|ARM.Build.0 = Release|Any CPU
		{A7FAB620-7868-41AA-AA4C-5E2FA06DE52D}.Release|ARM.Deploy.0 = Release|Any CPU
		{A7FAB620-7868-41AA-AA4C-5E2FA06DE52D}.Release|iPhone.ActiveCfg = Release|Any CPU
		{A7FAB620-7868-41AA-AA4C-5E2FA06DE52D}.Release|iPhone.Build.0 = Release|Any CPU
		{A7FAB620-7868-41AA-AA4C-5E2FA06DE52D}.Release|iPhone.Deploy.0 = Release|Any CPU
		{A7FAB620-7868-41AA-AA4C-5E2FA06DE52D}.Release|iPhoneSimulator.ActiveCfg = Release|Any CPU
		{A7FAB620-7868-41AA-AA4C-5E2FA06DE52D}.Release|iPhoneSimulator.Build.0 = Release|Any CPU
		{A7FAB620-7868-41AA-AA4C-5E2FA06DE52D}.Release|iPhoneSimulator.Deploy.0 = Release|Any CPU
		{A7FAB620-7868-41AA-AA4C-5E2FA06DE52D}.Release|x64.ActiveCfg = Release|Any CPU
		{A7FAB620-7868-41AA-AA4C-5E2FA06DE52D}.Release|x64.Build.0 = Release|Any CPU
		{A7FAB620-7868-41AA-AA4C-5E2FA06DE52D}.Release|x64.Deploy.0 = Release|Any CPU
		{A7FAB620-7868-41AA-AA4C-5E2FA06DE52D}.Release|x86.ActiveCfg = Release|Any CPU
		{A7FAB620-7868-41AA-AA4C-5E2FA06DE52D}.Release|x86.Build.0 = Release|Any CPU
		{A7FAB620-7868-41AA-AA4C-5E2FA06DE52D}.Release|x86.Deploy.0 = Release|Any CPU
		{9858E4E1-B118-498D-B374-9A9B01D3678A}.Ad-Hoc|Any CPU.ActiveCfg = Ad-Hoc|iPhone
		{9858E4E1-B118-498D-B374-9A9B01D3678A}.Ad-Hoc|ARM.ActiveCfg = Ad-Hoc|iPhone
		{9858E4E1-B118-498D-B374-9A9B01D3678A}.Ad-Hoc|iPhone.ActiveCfg = Ad-Hoc|iPhone
		{9858E4E1-B118-498D-B374-9A9B01D3678A}.Ad-Hoc|iPhone.Build.0 = Ad-Hoc|iPhone
		{9858E4E1-B118-498D-B374-9A9B01D3678A}.Ad-Hoc|iPhoneSimulator.ActiveCfg = Ad-Hoc|iPhoneSimulator
		{9858E4E1-B118-498D-B374-9A9B01D3678A}.Ad-Hoc|iPhoneSimulator.Build.0 = Ad-Hoc|iPhoneSimulator
		{9858E4E1-B118-498D-B374-9A9B01D3678A}.Ad-Hoc|x64.ActiveCfg = Ad-Hoc|iPhone
		{9858E4E1-B118-498D-B374-9A9B01D3678A}.Ad-Hoc|x86.ActiveCfg = Ad-Hoc|iPhone
		{9858E4E1-B118-498D-B374-9A9B01D3678A}.AppStore|Any CPU.ActiveCfg = AppStore|iPhone
		{9858E4E1-B118-498D-B374-9A9B01D3678A}.AppStore|ARM.ActiveCfg = AppStore|iPhone
		{9858E4E1-B118-498D-B374-9A9B01D3678A}.AppStore|iPhone.ActiveCfg = AppStore|iPhone
		{9858E4E1-B118-498D-B374-9A9B01D3678A}.AppStore|iPhone.Build.0 = AppStore|iPhone
		{9858E4E1-B118-498D-B374-9A9B01D3678A}.AppStore|iPhoneSimulator.ActiveCfg = AppStore|iPhoneSimulator
		{9858E4E1-B118-498D-B374-9A9B01D3678A}.AppStore|iPhoneSimulator.Build.0 = AppStore|iPhoneSimulator
		{9858E4E1-B118-498D-B374-9A9B01D3678A}.AppStore|x64.ActiveCfg = AppStore|iPhone
		{9858E4E1-B118-498D-B374-9A9B01D3678A}.AppStore|x86.ActiveCfg = AppStore|iPhone
		{9858E4E1-B118-498D-B374-9A9B01D3678A}.Debug|Any CPU.ActiveCfg = Debug|iPhone
		{9858E4E1-B118-498D-B374-9A9B01D3678A}.Debug|ARM.ActiveCfg = Debug|iPhone
		{9858E4E1-B118-498D-B374-9A9B01D3678A}.Debug|iPhone.ActiveCfg = Debug|iPhone
		{9858E4E1-B118-498D-B374-9A9B01D3678A}.Debug|iPhone.Build.0 = Debug|iPhone
		{9858E4E1-B118-498D-B374-9A9B01D3678A}.Debug|iPhoneSimulator.ActiveCfg = Debug|iPhoneSimulator
		{9858E4E1-B118-498D-B374-9A9B01D3678A}.Debug|iPhoneSimulator.Build.0 = Debug|iPhoneSimulator
		{9858E4E1-B118-498D-B374-9A9B01D3678A}.Debug|x64.ActiveCfg = Debug|iPhone
		{9858E4E1-B118-498D-B374-9A9B01D3678A}.Debug|x86.ActiveCfg = Debug|iPhone
		{9858E4E1-B118-498D-B374-9A9B01D3678A}.Release|Any CPU.ActiveCfg = Release|iPhone
		{9858E4E1-B118-498D-B374-9A9B01D3678A}.Release|ARM.ActiveCfg = Release|iPhone
		{9858E4E1-B118-498D-B374-9A9B01D3678A}.Release|iPhone.ActiveCfg = Release|iPhone
		{9858E4E1-B118-498D-B374-9A9B01D3678A}.Release|iPhone.Build.0 = Release|iPhone
		{9858E4E1-B118-498D-B374-9A9B01D3678A}.Release|iPhoneSimulator.ActiveCfg = Release|iPhoneSimulator
		{9858E4E1-B118-498D-B374-9A9B01D3678A}.Release|iPhoneSimulator.Build.0 = Release|iPhoneSimulator
		{9858E4E1-B118-498D-B374-9A9B01D3678A}.Release|x64.ActiveCfg = Release|iPhone
		{9858E4E1-B118-498D-B374-9A9B01D3678A}.Release|x86.ActiveCfg = Release|iPhone
		{42D6FC8F-9023-45CE-B64C-CB0FD8D529C5}.Ad-Hoc|Any CPU.ActiveCfg = Release|Any CPU
		{42D6FC8F-9023-45CE-B64C-CB0FD8D529C5}.Ad-Hoc|Any CPU.Build.0 = Release|Any CPU
		{42D6FC8F-9023-45CE-B64C-CB0FD8D529C5}.Ad-Hoc|Any CPU.Deploy.0 = Release|Any CPU
		{42D6FC8F-9023-45CE-B64C-CB0FD8D529C5}.Ad-Hoc|ARM.ActiveCfg = Release|ARM
		{42D6FC8F-9023-45CE-B64C-CB0FD8D529C5}.Ad-Hoc|ARM.Build.0 = Release|ARM
		{42D6FC8F-9023-45CE-B64C-CB0FD8D529C5}.Ad-Hoc|ARM.Deploy.0 = Release|ARM
		{42D6FC8F-9023-45CE-B64C-CB0FD8D529C5}.Ad-Hoc|iPhone.ActiveCfg = Release|Any CPU
		{42D6FC8F-9023-45CE-B64C-CB0FD8D529C5}.Ad-Hoc|iPhone.Build.0 = Release|Any CPU
		{42D6FC8F-9023-45CE-B64C-CB0FD8D529C5}.Ad-Hoc|iPhone.Deploy.0 = Release|Any CPU
		{42D6FC8F-9023-45CE-B64C-CB0FD8D529C5}.Ad-Hoc|iPhoneSimulator.ActiveCfg = Release|Any CPU
		{42D6FC8F-9023-45CE-B64C-CB0FD8D529C5}.Ad-Hoc|iPhoneSimulator.Build.0 = Release|Any CPU
		{42D6FC8F-9023-45CE-B64C-CB0FD8D529C5}.Ad-Hoc|iPhoneSimulator.Deploy.0 = Release|Any CPU
		{42D6FC8F-9023-45CE-B64C-CB0FD8D529C5}.Ad-Hoc|x64.ActiveCfg = Release|Any CPU
		{42D6FC8F-9023-45CE-B64C-CB0FD8D529C5}.Ad-Hoc|x64.Build.0 = Release|Any CPU
		{42D6FC8F-9023-45CE-B64C-CB0FD8D529C5}.Ad-Hoc|x64.Deploy.0 = Release|Any CPU
		{42D6FC8F-9023-45CE-B64C-CB0FD8D529C5}.Ad-Hoc|x86.ActiveCfg = Release|x86
		{42D6FC8F-9023-45CE-B64C-CB0FD8D529C5}.Ad-Hoc|x86.Build.0 = Release|x86
		{42D6FC8F-9023-45CE-B64C-CB0FD8D529C5}.Ad-Hoc|x86.Deploy.0 = Release|x86
		{42D6FC8F-9023-45CE-B64C-CB0FD8D529C5}.AppStore|Any CPU.ActiveCfg = Release|Any CPU
		{42D6FC8F-9023-45CE-B64C-CB0FD8D529C5}.AppStore|Any CPU.Build.0 = Release|Any CPU
		{42D6FC8F-9023-45CE-B64C-CB0FD8D529C5}.AppStore|Any CPU.Deploy.0 = Release|Any CPU
		{42D6FC8F-9023-45CE-B64C-CB0FD8D529C5}.AppStore|ARM.ActiveCfg = Release|ARM
		{42D6FC8F-9023-45CE-B64C-CB0FD8D529C5}.AppStore|ARM.Build.0 = Release|ARM
		{42D6FC8F-9023-45CE-B64C-CB0FD8D529C5}.AppStore|ARM.Deploy.0 = Release|ARM
		{42D6FC8F-9023-45CE-B64C-CB0FD8D529C5}.AppStore|iPhone.ActiveCfg = Release|Any CPU
		{42D6FC8F-9023-45CE-B64C-CB0FD8D529C5}.AppStore|iPhone.Build.0 = Release|Any CPU
		{42D6FC8F-9023-45CE-B64C-CB0FD8D529C5}.AppStore|iPhone.Deploy.0 = Release|Any CPU
		{42D6FC8F-9023-45CE-B64C-CB0FD8D529C5}.AppStore|iPhoneSimulator.ActiveCfg = Release|Any CPU
		{42D6FC8F-9023-45CE-B64C-CB0FD8D529C5}.AppStore|iPhoneSimulator.Build.0 = Release|Any CPU
		{42D6FC8F-9023-45CE-B64C-CB0FD8D529C5}.AppStore|iPhoneSimulator.Deploy.0 = Release|Any CPU
		{42D6FC8F-9023-45CE-B64C-CB0FD8D529C5}.AppStore|x64.ActiveCfg = Release|Any CPU
		{42D6FC8F-9023-45CE-B64C-CB0FD8D529C5}.AppStore|x64.Build.0 = Release|Any CPU
		{42D6FC8F-9023-45CE-B64C-CB0FD8D529C5}.AppStore|x64.Deploy.0 = Release|Any CPU
		{42D6FC8F-9023-45CE-B64C-CB0FD8D529C5}.AppStore|x86.ActiveCfg = Release|x86
		{42D6FC8F-9023-45CE-B64C-CB0FD8D529C5}.AppStore|x86.Build.0 = Release|x86
		{42D6FC8F-9023-45CE-B64C-CB0FD8D529C5}.AppStore|x86.Deploy.0 = Release|x86
		{42D6FC8F-9023-45CE-B64C-CB0FD8D529C5}.Debug|Any CPU.ActiveCfg = Debug|Any CPU
		{42D6FC8F-9023-45CE-B64C-CB0FD8D529C5}.Debug|Any CPU.Build.0 = Debug|Any CPU
		{42D6FC8F-9023-45CE-B64C-CB0FD8D529C5}.Debug|Any CPU.Deploy.0 = Debug|Any CPU
		{42D6FC8F-9023-45CE-B64C-CB0FD8D529C5}.Debug|ARM.ActiveCfg = Debug|ARM
		{42D6FC8F-9023-45CE-B64C-CB0FD8D529C5}.Debug|ARM.Build.0 = Debug|ARM
		{42D6FC8F-9023-45CE-B64C-CB0FD8D529C5}.Debug|ARM.Deploy.0 = Debug|ARM
		{42D6FC8F-9023-45CE-B64C-CB0FD8D529C5}.Debug|iPhone.ActiveCfg = Debug|Any CPU
		{42D6FC8F-9023-45CE-B64C-CB0FD8D529C5}.Debug|iPhone.Build.0 = Debug|Any CPU
		{42D6FC8F-9023-45CE-B64C-CB0FD8D529C5}.Debug|iPhone.Deploy.0 = Debug|Any CPU
		{42D6FC8F-9023-45CE-B64C-CB0FD8D529C5}.Debug|iPhoneSimulator.ActiveCfg = Debug|Any CPU
		{42D6FC8F-9023-45CE-B64C-CB0FD8D529C5}.Debug|iPhoneSimulator.Build.0 = Debug|Any CPU
		{42D6FC8F-9023-45CE-B64C-CB0FD8D529C5}.Debug|iPhoneSimulator.Deploy.0 = Debug|Any CPU
		{42D6FC8F-9023-45CE-B64C-CB0FD8D529C5}.Debug|x64.ActiveCfg = Debug|Any CPU
		{42D6FC8F-9023-45CE-B64C-CB0FD8D529C5}.Debug|x64.Build.0 = Debug|Any CPU
		{42D6FC8F-9023-45CE-B64C-CB0FD8D529C5}.Debug|x64.Deploy.0 = Debug|Any CPU
		{42D6FC8F-9023-45CE-B64C-CB0FD8D529C5}.Debug|x86.ActiveCfg = Debug|x86
		{42D6FC8F-9023-45CE-B64C-CB0FD8D529C5}.Debug|x86.Build.0 = Debug|x86
		{42D6FC8F-9023-45CE-B64C-CB0FD8D529C5}.Debug|x86.Deploy.0 = Debug|x86
		{42D6FC8F-9023-45CE-B64C-CB0FD8D529C5}.Release|Any CPU.ActiveCfg = Release|Any CPU
		{42D6FC8F-9023-45CE-B64C-CB0FD8D529C5}.Release|Any CPU.Build.0 = Release|Any CPU
		{42D6FC8F-9023-45CE-B64C-CB0FD8D529C5}.Release|Any CPU.Deploy.0 = Release|Any CPU
		{42D6FC8F-9023-45CE-B64C-CB0FD8D529C5}.Release|ARM.ActiveCfg = Release|ARM
		{42D6FC8F-9023-45CE-B64C-CB0FD8D529C5}.Release|ARM.Build.0 = Release|ARM
		{42D6FC8F-9023-45CE-B64C-CB0FD8D529C5}.Release|ARM.Deploy.0 = Release|ARM
		{42D6FC8F-9023-45CE-B64C-CB0FD8D529C5}.Release|iPhone.ActiveCfg = Release|Any CPU
		{42D6FC8F-9023-45CE-B64C-CB0FD8D529C5}.Release|iPhone.Build.0 = Release|Any CPU
		{42D6FC8F-9023-45CE-B64C-CB0FD8D529C5}.Release|iPhone.Deploy.0 = Release|Any CPU
		{42D6FC8F-9023-45CE-B64C-CB0FD8D529C5}.Release|iPhoneSimulator.ActiveCfg = Release|Any CPU
		{42D6FC8F-9023-45CE-B64C-CB0FD8D529C5}.Release|iPhoneSimulator.Build.0 = Release|Any CPU
		{42D6FC8F-9023-45CE-B64C-CB0FD8D529C5}.Release|iPhoneSimulator.Deploy.0 = Release|Any CPU
		{42D6FC8F-9023-45CE-B64C-CB0FD8D529C5}.Release|x64.ActiveCfg = Release|Any CPU
		{42D6FC8F-9023-45CE-B64C-CB0FD8D529C5}.Release|x64.Build.0 = Release|Any CPU
		{42D6FC8F-9023-45CE-B64C-CB0FD8D529C5}.Release|x64.Deploy.0 = Release|Any CPU
		{42D6FC8F-9023-45CE-B64C-CB0FD8D529C5}.Release|x86.ActiveCfg = Release|x86
		{42D6FC8F-9023-45CE-B64C-CB0FD8D529C5}.Release|x86.Build.0 = Release|x86
		{42D6FC8F-9023-45CE-B64C-CB0FD8D529C5}.Release|x86.Deploy.0 = Release|x86
		{9E08EBD1-2C52-407D-A89A-B197C961106F}.Ad-Hoc|Any CPU.ActiveCfg = Release|x86
		{9E08EBD1-2C52-407D-A89A-B197C961106F}.Ad-Hoc|Any CPU.Build.0 = Release|x86
		{9E08EBD1-2C52-407D-A89A-B197C961106F}.Ad-Hoc|Any CPU.Deploy.0 = Release|x86
		{9E08EBD1-2C52-407D-A89A-B197C961106F}.Ad-Hoc|ARM.ActiveCfg = Release|ARM
		{9E08EBD1-2C52-407D-A89A-B197C961106F}.Ad-Hoc|ARM.Build.0 = Release|ARM
		{9E08EBD1-2C52-407D-A89A-B197C961106F}.Ad-Hoc|ARM.Deploy.0 = Release|ARM
		{9E08EBD1-2C52-407D-A89A-B197C961106F}.Ad-Hoc|iPhone.ActiveCfg = Release|x86
		{9E08EBD1-2C52-407D-A89A-B197C961106F}.Ad-Hoc|iPhone.Build.0 = Release|x86
		{9E08EBD1-2C52-407D-A89A-B197C961106F}.Ad-Hoc|iPhone.Deploy.0 = Release|x86
		{9E08EBD1-2C52-407D-A89A-B197C961106F}.Ad-Hoc|iPhoneSimulator.ActiveCfg = Release|x86
		{9E08EBD1-2C52-407D-A89A-B197C961106F}.Ad-Hoc|iPhoneSimulator.Build.0 = Release|x86
		{9E08EBD1-2C52-407D-A89A-B197C961106F}.Ad-Hoc|iPhoneSimulator.Deploy.0 = Release|x86
		{9E08EBD1-2C52-407D-A89A-B197C961106F}.Ad-Hoc|x64.ActiveCfg = Release|x64
		{9E08EBD1-2C52-407D-A89A-B197C961106F}.Ad-Hoc|x64.Build.0 = Release|x64
		{9E08EBD1-2C52-407D-A89A-B197C961106F}.Ad-Hoc|x64.Deploy.0 = Release|x64
		{9E08EBD1-2C52-407D-A89A-B197C961106F}.Ad-Hoc|x86.ActiveCfg = Release|x86
		{9E08EBD1-2C52-407D-A89A-B197C961106F}.Ad-Hoc|x86.Build.0 = Release|x86
		{9E08EBD1-2C52-407D-A89A-B197C961106F}.Ad-Hoc|x86.Deploy.0 = Release|x86
		{9E08EBD1-2C52-407D-A89A-B197C961106F}.AppStore|Any CPU.ActiveCfg = Release|x86
		{9E08EBD1-2C52-407D-A89A-B197C961106F}.AppStore|Any CPU.Build.0 = Release|x86
		{9E08EBD1-2C52-407D-A89A-B197C961106F}.AppStore|Any CPU.Deploy.0 = Release|x86
		{9E08EBD1-2C52-407D-A89A-B197C961106F}.AppStore|ARM.ActiveCfg = Release|ARM
		{9E08EBD1-2C52-407D-A89A-B197C961106F}.AppStore|ARM.Build.0 = Release|ARM
		{9E08EBD1-2C52-407D-A89A-B197C961106F}.AppStore|ARM.Deploy.0 = Release|ARM
		{9E08EBD1-2C52-407D-A89A-B197C961106F}.AppStore|iPhone.ActiveCfg = Release|x86
		{9E08EBD1-2C52-407D-A89A-B197C961106F}.AppStore|iPhone.Build.0 = Release|x86
		{9E08EBD1-2C52-407D-A89A-B197C961106F}.AppStore|iPhone.Deploy.0 = Release|x86
		{9E08EBD1-2C52-407D-A89A-B197C961106F}.AppStore|iPhoneSimulator.ActiveCfg = Release|x86
		{9E08EBD1-2C52-407D-A89A-B197C961106F}.AppStore|iPhoneSimulator.Build.0 = Release|x86
		{9E08EBD1-2C52-407D-A89A-B197C961106F}.AppStore|iPhoneSimulator.Deploy.0 = Release|x86
		{9E08EBD1-2C52-407D-A89A-B197C961106F}.AppStore|x64.ActiveCfg = Release|x64
		{9E08EBD1-2C52-407D-A89A-B197C961106F}.AppStore|x64.Build.0 = Release|x64
		{9E08EBD1-2C52-407D-A89A-B197C961106F}.AppStore|x64.Deploy.0 = Release|x64
		{9E08EBD1-2C52-407D-A89A-B197C961106F}.AppStore|x86.ActiveCfg = Release|x86
		{9E08EBD1-2C52-407D-A89A-B197C961106F}.AppStore|x86.Build.0 = Release|x86
		{9E08EBD1-2C52-407D-A89A-B197C961106F}.AppStore|x86.Deploy.0 = Release|x86
		{9E08EBD1-2C52-407D-A89A-B197C961106F}.Debug|Any CPU.ActiveCfg = Debug|x86
		{9E08EBD1-2C52-407D-A89A-B197C961106F}.Debug|ARM.ActiveCfg = Debug|ARM
		{9E08EBD1-2C52-407D-A89A-B197C961106F}.Debug|ARM.Build.0 = Debug|ARM
		{9E08EBD1-2C52-407D-A89A-B197C961106F}.Debug|ARM.Deploy.0 = Debug|ARM
		{9E08EBD1-2C52-407D-A89A-B197C961106F}.Debug|iPhone.ActiveCfg = Debug|x86
		{9E08EBD1-2C52-407D-A89A-B197C961106F}.Debug|iPhoneSimulator.ActiveCfg = Debug|x86
		{9E08EBD1-2C52-407D-A89A-B197C961106F}.Debug|x64.ActiveCfg = Debug|x64
		{9E08EBD1-2C52-407D-A89A-B197C961106F}.Debug|x64.Build.0 = Debug|x64
		{9E08EBD1-2C52-407D-A89A-B197C961106F}.Debug|x64.Deploy.0 = Debug|x64
		{9E08EBD1-2C52-407D-A89A-B197C961106F}.Debug|x86.ActiveCfg = Debug|x86
		{9E08EBD1-2C52-407D-A89A-B197C961106F}.Debug|x86.Build.0 = Debug|x86
		{9E08EBD1-2C52-407D-A89A-B197C961106F}.Debug|x86.Deploy.0 = Debug|x86
		{9E08EBD1-2C52-407D-A89A-B197C961106F}.Release|Any CPU.ActiveCfg = Release|x86
		{9E08EBD1-2C52-407D-A89A-B197C961106F}.Release|ARM.ActiveCfg = Release|ARM
		{9E08EBD1-2C52-407D-A89A-B197C961106F}.Release|ARM.Build.0 = Release|ARM
		{9E08EBD1-2C52-407D-A89A-B197C961106F}.Release|ARM.Deploy.0 = Release|ARM
		{9E08EBD1-2C52-407D-A89A-B197C961106F}.Release|iPhone.ActiveCfg = Release|x86
		{9E08EBD1-2C52-407D-A89A-B197C961106F}.Release|iPhoneSimulator.ActiveCfg = Release|x86
		{9E08EBD1-2C52-407D-A89A-B197C961106F}.Release|x64.ActiveCfg = Release|x64
		{9E08EBD1-2C52-407D-A89A-B197C961106F}.Release|x64.Build.0 = Release|x64
		{9E08EBD1-2C52-407D-A89A-B197C961106F}.Release|x64.Deploy.0 = Release|x64
		{9E08EBD1-2C52-407D-A89A-B197C961106F}.Release|x86.ActiveCfg = Release|x86
		{9E08EBD1-2C52-407D-A89A-B197C961106F}.Release|x86.Build.0 = Release|x86
		{9E08EBD1-2C52-407D-A89A-B197C961106F}.Release|x86.Deploy.0 = Release|x86
		{F09EAB51-C798-4B81-9DD4-FFBCC74B3BCF}.Ad-Hoc|Any CPU.ActiveCfg = Release|Any CPU
		{F09EAB51-C798-4B81-9DD4-FFBCC74B3BCF}.Ad-Hoc|Any CPU.Build.0 = Release|Any CPU
		{F09EAB51-C798-4B81-9DD4-FFBCC74B3BCF}.Ad-Hoc|Any CPU.Deploy.0 = Release|Any CPU
		{F09EAB51-C798-4B81-9DD4-FFBCC74B3BCF}.Ad-Hoc|ARM.ActiveCfg = Release|ARM
		{F09EAB51-C798-4B81-9DD4-FFBCC74B3BCF}.Ad-Hoc|ARM.Build.0 = Release|ARM
		{F09EAB51-C798-4B81-9DD4-FFBCC74B3BCF}.Ad-Hoc|ARM.Deploy.0 = Release|ARM
		{F09EAB51-C798-4B81-9DD4-FFBCC74B3BCF}.Ad-Hoc|iPhone.ActiveCfg = Release|Any CPU
		{F09EAB51-C798-4B81-9DD4-FFBCC74B3BCF}.Ad-Hoc|iPhone.Build.0 = Release|Any CPU
		{F09EAB51-C798-4B81-9DD4-FFBCC74B3BCF}.Ad-Hoc|iPhone.Deploy.0 = Release|Any CPU
		{F09EAB51-C798-4B81-9DD4-FFBCC74B3BCF}.Ad-Hoc|iPhoneSimulator.ActiveCfg = Release|Any CPU
		{F09EAB51-C798-4B81-9DD4-FFBCC74B3BCF}.Ad-Hoc|iPhoneSimulator.Build.0 = Release|Any CPU
		{F09EAB51-C798-4B81-9DD4-FFBCC74B3BCF}.Ad-Hoc|iPhoneSimulator.Deploy.0 = Release|Any CPU
		{F09EAB51-C798-4B81-9DD4-FFBCC74B3BCF}.Ad-Hoc|x64.ActiveCfg = Release|x64
		{F09EAB51-C798-4B81-9DD4-FFBCC74B3BCF}.Ad-Hoc|x64.Build.0 = Release|x64
		{F09EAB51-C798-4B81-9DD4-FFBCC74B3BCF}.Ad-Hoc|x64.Deploy.0 = Release|x64
		{F09EAB51-C798-4B81-9DD4-FFBCC74B3BCF}.Ad-Hoc|x86.ActiveCfg = Release|x86
		{F09EAB51-C798-4B81-9DD4-FFBCC74B3BCF}.Ad-Hoc|x86.Build.0 = Release|x86
		{F09EAB51-C798-4B81-9DD4-FFBCC74B3BCF}.Ad-Hoc|x86.Deploy.0 = Release|x86
		{F09EAB51-C798-4B81-9DD4-FFBCC74B3BCF}.AppStore|Any CPU.ActiveCfg = Release|Any CPU
		{F09EAB51-C798-4B81-9DD4-FFBCC74B3BCF}.AppStore|Any CPU.Build.0 = Release|Any CPU
		{F09EAB51-C798-4B81-9DD4-FFBCC74B3BCF}.AppStore|Any CPU.Deploy.0 = Release|Any CPU
		{F09EAB51-C798-4B81-9DD4-FFBCC74B3BCF}.AppStore|ARM.ActiveCfg = Release|ARM
		{F09EAB51-C798-4B81-9DD4-FFBCC74B3BCF}.AppStore|ARM.Build.0 = Release|ARM
		{F09EAB51-C798-4B81-9DD4-FFBCC74B3BCF}.AppStore|ARM.Deploy.0 = Release|ARM
		{F09EAB51-C798-4B81-9DD4-FFBCC74B3BCF}.AppStore|iPhone.ActiveCfg = Release|Any CPU
		{F09EAB51-C798-4B81-9DD4-FFBCC74B3BCF}.AppStore|iPhone.Build.0 = Release|Any CPU
		{F09EAB51-C798-4B81-9DD4-FFBCC74B3BCF}.AppStore|iPhone.Deploy.0 = Release|Any CPU
		{F09EAB51-C798-4B81-9DD4-FFBCC74B3BCF}.AppStore|iPhoneSimulator.ActiveCfg = Release|Any CPU
		{F09EAB51-C798-4B81-9DD4-FFBCC74B3BCF}.AppStore|iPhoneSimulator.Build.0 = Release|Any CPU
		{F09EAB51-C798-4B81-9DD4-FFBCC74B3BCF}.AppStore|iPhoneSimulator.Deploy.0 = Release|Any CPU
		{F09EAB51-C798-4B81-9DD4-FFBCC74B3BCF}.AppStore|x64.ActiveCfg = Release|x64
		{F09EAB51-C798-4B81-9DD4-FFBCC74B3BCF}.AppStore|x64.Build.0 = Release|x64
		{F09EAB51-C798-4B81-9DD4-FFBCC74B3BCF}.AppStore|x64.Deploy.0 = Release|x64
		{F09EAB51-C798-4B81-9DD4-FFBCC74B3BCF}.AppStore|x86.ActiveCfg = Release|x86
		{F09EAB51-C798-4B81-9DD4-FFBCC74B3BCF}.AppStore|x86.Build.0 = Release|x86
		{F09EAB51-C798-4B81-9DD4-FFBCC74B3BCF}.AppStore|x86.Deploy.0 = Release|x86
		{F09EAB51-C798-4B81-9DD4-FFBCC74B3BCF}.Debug|Any CPU.ActiveCfg = Debug|Any CPU
		{F09EAB51-C798-4B81-9DD4-FFBCC74B3BCF}.Debug|Any CPU.Build.0 = Debug|Any CPU
		{F09EAB51-C798-4B81-9DD4-FFBCC74B3BCF}.Debug|Any CPU.Deploy.0 = Debug|Any CPU
		{F09EAB51-C798-4B81-9DD4-FFBCC74B3BCF}.Debug|ARM.ActiveCfg = Debug|ARM
		{F09EAB51-C798-4B81-9DD4-FFBCC74B3BCF}.Debug|ARM.Build.0 = Debug|ARM
		{F09EAB51-C798-4B81-9DD4-FFBCC74B3BCF}.Debug|ARM.Deploy.0 = Debug|ARM
		{F09EAB51-C798-4B81-9DD4-FFBCC74B3BCF}.Debug|iPhone.ActiveCfg = Debug|Any CPU
		{F09EAB51-C798-4B81-9DD4-FFBCC74B3BCF}.Debug|iPhone.Build.0 = Debug|Any CPU
		{F09EAB51-C798-4B81-9DD4-FFBCC74B3BCF}.Debug|iPhone.Deploy.0 = Debug|Any CPU
		{F09EAB51-C798-4B81-9DD4-FFBCC74B3BCF}.Debug|iPhoneSimulator.ActiveCfg = Debug|Any CPU
		{F09EAB51-C798-4B81-9DD4-FFBCC74B3BCF}.Debug|iPhoneSimulator.Build.0 = Debug|Any CPU
		{F09EAB51-C798-4B81-9DD4-FFBCC74B3BCF}.Debug|iPhoneSimulator.Deploy.0 = Debug|Any CPU
		{F09EAB51-C798-4B81-9DD4-FFBCC74B3BCF}.Debug|x64.ActiveCfg = Debug|x64
		{F09EAB51-C798-4B81-9DD4-FFBCC74B3BCF}.Debug|x64.Build.0 = Debug|x64
		{F09EAB51-C798-4B81-9DD4-FFBCC74B3BCF}.Debug|x64.Deploy.0 = Debug|x64
		{F09EAB51-C798-4B81-9DD4-FFBCC74B3BCF}.Debug|x86.ActiveCfg = Debug|x86
		{F09EAB51-C798-4B81-9DD4-FFBCC74B3BCF}.Debug|x86.Build.0 = Debug|x86
		{F09EAB51-C798-4B81-9DD4-FFBCC74B3BCF}.Debug|x86.Deploy.0 = Debug|x86
		{F09EAB51-C798-4B81-9DD4-FFBCC74B3BCF}.Release|Any CPU.ActiveCfg = Release|Any CPU
		{F09EAB51-C798-4B81-9DD4-FFBCC74B3BCF}.Release|Any CPU.Build.0 = Release|Any CPU
		{F09EAB51-C798-4B81-9DD4-FFBCC74B3BCF}.Release|Any CPU.Deploy.0 = Release|Any CPU
		{F09EAB51-C798-4B81-9DD4-FFBCC74B3BCF}.Release|ARM.ActiveCfg = Release|ARM
		{F09EAB51-C798-4B81-9DD4-FFBCC74B3BCF}.Release|ARM.Build.0 = Release|ARM
		{F09EAB51-C798-4B81-9DD4-FFBCC74B3BCF}.Release|ARM.Deploy.0 = Release|ARM
		{F09EAB51-C798-4B81-9DD4-FFBCC74B3BCF}.Release|iPhone.ActiveCfg = Release|Any CPU
		{F09EAB51-C798-4B81-9DD4-FFBCC74B3BCF}.Release|iPhone.Build.0 = Release|Any CPU
		{F09EAB51-C798-4B81-9DD4-FFBCC74B3BCF}.Release|iPhone.Deploy.0 = Release|Any CPU
		{F09EAB51-C798-4B81-9DD4-FFBCC74B3BCF}.Release|iPhoneSimulator.ActiveCfg = Release|Any CPU
		{F09EAB51-C798-4B81-9DD4-FFBCC74B3BCF}.Release|iPhoneSimulator.Build.0 = Release|Any CPU
		{F09EAB51-C798-4B81-9DD4-FFBCC74B3BCF}.Release|iPhoneSimulator.Deploy.0 = Release|Any CPU
		{F09EAB51-C798-4B81-9DD4-FFBCC74B3BCF}.Release|x64.ActiveCfg = Release|x64
		{F09EAB51-C798-4B81-9DD4-FFBCC74B3BCF}.Release|x64.Build.0 = Release|x64
		{F09EAB51-C798-4B81-9DD4-FFBCC74B3BCF}.Release|x64.Deploy.0 = Release|x64
		{F09EAB51-C798-4B81-9DD4-FFBCC74B3BCF}.Release|x86.ActiveCfg = Release|x86
		{F09EAB51-C798-4B81-9DD4-FFBCC74B3BCF}.Release|x86.Build.0 = Release|x86
		{F09EAB51-C798-4B81-9DD4-FFBCC74B3BCF}.Release|x86.Deploy.0 = Release|x86
		{283FBDE3-9B77-4379-B570-FA3E4A184860}.Ad-Hoc|Any CPU.ActiveCfg = Release|Any CPU
		{283FBDE3-9B77-4379-B570-FA3E4A184860}.Ad-Hoc|Any CPU.Build.0 = Release|Any CPU
		{283FBDE3-9B77-4379-B570-FA3E4A184860}.Ad-Hoc|ARM.ActiveCfg = Release|Any CPU
		{283FBDE3-9B77-4379-B570-FA3E4A184860}.Ad-Hoc|ARM.Build.0 = Release|Any CPU
		{283FBDE3-9B77-4379-B570-FA3E4A184860}.Ad-Hoc|iPhone.ActiveCfg = Release|Any CPU
		{283FBDE3-9B77-4379-B570-FA3E4A184860}.Ad-Hoc|iPhone.Build.0 = Release|Any CPU
		{283FBDE3-9B77-4379-B570-FA3E4A184860}.Ad-Hoc|iPhoneSimulator.ActiveCfg = Release|Any CPU
		{283FBDE3-9B77-4379-B570-FA3E4A184860}.Ad-Hoc|iPhoneSimulator.Build.0 = Release|Any CPU
		{283FBDE3-9B77-4379-B570-FA3E4A184860}.Ad-Hoc|x64.ActiveCfg = Release|Any CPU
		{283FBDE3-9B77-4379-B570-FA3E4A184860}.Ad-Hoc|x64.Build.0 = Release|Any CPU
		{283FBDE3-9B77-4379-B570-FA3E4A184860}.Ad-Hoc|x86.ActiveCfg = Release|Any CPU
		{283FBDE3-9B77-4379-B570-FA3E4A184860}.Ad-Hoc|x86.Build.0 = Release|Any CPU
		{283FBDE3-9B77-4379-B570-FA3E4A184860}.AppStore|Any CPU.ActiveCfg = Release|Any CPU
		{283FBDE3-9B77-4379-B570-FA3E4A184860}.AppStore|Any CPU.Build.0 = Release|Any CPU
		{283FBDE3-9B77-4379-B570-FA3E4A184860}.AppStore|ARM.ActiveCfg = Release|Any CPU
		{283FBDE3-9B77-4379-B570-FA3E4A184860}.AppStore|ARM.Build.0 = Release|Any CPU
		{283FBDE3-9B77-4379-B570-FA3E4A184860}.AppStore|iPhone.ActiveCfg = Release|Any CPU
		{283FBDE3-9B77-4379-B570-FA3E4A184860}.AppStore|iPhone.Build.0 = Release|Any CPU
		{283FBDE3-9B77-4379-B570-FA3E4A184860}.AppStore|iPhoneSimulator.ActiveCfg = Release|Any CPU
		{283FBDE3-9B77-4379-B570-FA3E4A184860}.AppStore|iPhoneSimulator.Build.0 = Release|Any CPU
		{283FBDE3-9B77-4379-B570-FA3E4A184860}.AppStore|x64.ActiveCfg = Release|Any CPU
		{283FBDE3-9B77-4379-B570-FA3E4A184860}.AppStore|x64.Build.0 = Release|Any CPU
		{283FBDE3-9B77-4379-B570-FA3E4A184860}.AppStore|x86.ActiveCfg = Release|Any CPU
		{283FBDE3-9B77-4379-B570-FA3E4A184860}.AppStore|x86.Build.0 = Release|Any CPU
		{283FBDE3-9B77-4379-B570-FA3E4A184860}.Debug|Any CPU.ActiveCfg = Debug|Any CPU
		{283FBDE3-9B77-4379-B570-FA3E4A184860}.Debug|Any CPU.Build.0 = Debug|Any CPU
		{283FBDE3-9B77-4379-B570-FA3E4A184860}.Debug|ARM.ActiveCfg = Debug|Any CPU
		{283FBDE3-9B77-4379-B570-FA3E4A184860}.Debug|ARM.Build.0 = Debug|Any CPU
		{283FBDE3-9B77-4379-B570-FA3E4A184860}.Debug|iPhone.ActiveCfg = Debug|Any CPU
		{283FBDE3-9B77-4379-B570-FA3E4A184860}.Debug|iPhone.Build.0 = Debug|Any CPU
		{283FBDE3-9B77-4379-B570-FA3E4A184860}.Debug|iPhoneSimulator.ActiveCfg = Debug|Any CPU
		{283FBDE3-9B77-4379-B570-FA3E4A184860}.Debug|iPhoneSimulator.Build.0 = Debug|Any CPU
		{283FBDE3-9B77-4379-B570-FA3E4A184860}.Debug|x64.ActiveCfg = Debug|Any CPU
		{283FBDE3-9B77-4379-B570-FA3E4A184860}.Debug|x64.Build.0 = Debug|Any CPU
		{283FBDE3-9B77-4379-B570-FA3E4A184860}.Debug|x86.ActiveCfg = Debug|Any CPU
		{283FBDE3-9B77-4379-B570-FA3E4A184860}.Debug|x86.Build.0 = Debug|Any CPU
		{283FBDE3-9B77-4379-B570-FA3E4A184860}.Release|Any CPU.ActiveCfg = Release|Any CPU
		{283FBDE3-9B77-4379-B570-FA3E4A184860}.Release|Any CPU.Build.0 = Release|Any CPU
		{283FBDE3-9B77-4379-B570-FA3E4A184860}.Release|ARM.ActiveCfg = Release|Any CPU
		{283FBDE3-9B77-4379-B570-FA3E4A184860}.Release|ARM.Build.0 = Release|Any CPU
		{283FBDE3-9B77-4379-B570-FA3E4A184860}.Release|iPhone.ActiveCfg = Release|Any CPU
		{283FBDE3-9B77-4379-B570-FA3E4A184860}.Release|iPhone.Build.0 = Release|Any CPU
		{283FBDE3-9B77-4379-B570-FA3E4A184860}.Release|iPhoneSimulator.ActiveCfg = Release|Any CPU
		{283FBDE3-9B77-4379-B570-FA3E4A184860}.Release|iPhoneSimulator.Build.0 = Release|Any CPU
		{283FBDE3-9B77-4379-B570-FA3E4A184860}.Release|x64.ActiveCfg = Release|Any CPU
		{283FBDE3-9B77-4379-B570-FA3E4A184860}.Release|x64.Build.0 = Release|Any CPU
		{283FBDE3-9B77-4379-B570-FA3E4A184860}.Release|x86.ActiveCfg = Release|Any CPU
		{283FBDE3-9B77-4379-B570-FA3E4A184860}.Release|x86.Build.0 = Release|Any CPU
	EndGlobalSection
	GlobalSection(SolutionProperties) = preSolution
		HideSolutionNode = FALSE
	EndGlobalSection
EndGlobal
